
Microsoft Visual Studio Solution File, Format Version 12.00
Project("{F2A71F9B-5D33-465A-A702-920D77279786}") = "Overwurd.Domain", "Overwurd.Domain\Overwurd.Domain.fsproj", "{75A56F18-A36A-4062-80ED-DA0F37B52F1B}"
EndProject
Global
	GlobalSection(SolutionConfigurationPlatforms) = preSolution
		Debug|Any CPU = Debug|Any CPU
		Release|Any CPU = Release|Any CPU
	EndGlobalSection
	GlobalSection(ProjectConfigurationPlatforms) = postSolution
		{75A56F18-A36A-4062-80ED-DA0F37B52F1B}.Debug|Any CPU.ActiveCfg = Debug|Any CPU
		{75A56F18-A36A-4062-80ED-DA0F37B52F1B}.Debug|Any CPU.Build.0 = Debug|Any CPU
		{75A56F18-A36A-4062-80ED-DA0F37B52F1B}.Release|Any CPU.ActiveCfg = Release|Any CPU
		{75A56F18-A36A-4062-80ED-DA0F37B52F1B}.Release|Any CPU.Build.0 = Release|Any CPU
	EndGlobalSection
EndGlobal
